
Microsoft Visual Studio Solution File, Format Version 12.00
# Visual Studio Version 17
VisualStudioVersion = 17.0.31903.59
MinimumVisualStudioVersion = 10.0.40219.1
Project("{2150E333-8FDC-42A3-9474-1A3956D46DE8}") = "src", "src", "{827E0CD3-B72D-47B6-A68D-7590B98EB39B}"
EndProject
Project("{FAE04EC0-301F-11D3-BF4B-00C04F79EFBC}") = "Khaos.Logging.Runtime", "src\Khaos.Logging.Runtime\Khaos.Logging.Runtime.csproj", "{557B2C3D-88E9-4F42-A30A-362FBB435414}"
EndProject
Project("{FAE04EC0-301F-11D3-BF4B-00C04F79EFBC}") = "Khaos.Logging.Generator", "src\Khaos.Logging.Generator\Khaos.Logging.Generator.csproj", "{C60FD077-AA05-4394-B3D0-FC0F1294FD12}"
EndProject
Project("{FAE04EC0-301F-11D3-BF4B-00C04F79EFBC}") = "Khaos.Logging.Analyzers", "src\Khaos.Logging.Analyzers\Khaos.Logging.Analyzers.csproj", "{036C8427-F176-4D5F-A31A-E10B837D8C4A}"
EndProject
Project("{2150E333-8FDC-42A3-9474-1A3956D46DE8}") = "tests", "tests", "{0AB3BF05-4346-4AA6-1389-037BE0695223}"
EndProject
Project("{FAE04EC0-301F-11D3-BF4B-00C04F79EFBC}") = "Khaos.Logging.Tests", "tests\Khaos.Logging.Tests\Khaos.Logging.Tests.csproj", "{8DB10B02-52C0-4670-B30C-0DC7CAEEB0B1}"
EndProject
Global
	GlobalSection(SolutionConfigurationPlatforms) = preSolution
		Debug|Any CPU = Debug|Any CPU
		Debug|x64 = Debug|x64
		Debug|x86 = Debug|x86
		Release|Any CPU = Release|Any CPU
		Release|x64 = Release|x64
		Release|x86 = Release|x86
	EndGlobalSection
	GlobalSection(ProjectConfigurationPlatforms) = postSolution
		{557B2C3D-88E9-4F42-A30A-362FBB435414}.Debug|Any CPU.ActiveCfg = Debug|Any CPU
		{557B2C3D-88E9-4F42-A30A-362FBB435414}.Debug|Any CPU.Build.0 = Debug|Any CPU
		{557B2C3D-88E9-4F42-A30A-362FBB435414}.Debug|x64.ActiveCfg = Debug|Any CPU
		{557B2C3D-88E9-4F42-A30A-362FBB435414}.Debug|x64.Build.0 = Debug|Any CPU
		{557B2C3D-88E9-4F42-A30A-362FBB435414}.Debug|x86.ActiveCfg = Debug|Any CPU
		{557B2C3D-88E9-4F42-A30A-362FBB435414}.Debug|x86.Build.0 = Debug|Any CPU
		{557B2C3D-88E9-4F42-A30A-362FBB435414}.Release|Any CPU.ActiveCfg = Release|Any CPU
		{557B2C3D-88E9-4F42-A30A-362FBB435414}.Release|Any CPU.Build.0 = Release|Any CPU
		{557B2C3D-88E9-4F42-A30A-362FBB435414}.Release|x64.ActiveCfg = Release|Any CPU
		{557B2C3D-88E9-4F42-A30A-362FBB435414}.Release|x64.Build.0 = Release|Any CPU
		{557B2C3D-88E9-4F42-A30A-362FBB435414}.Release|x86.ActiveCfg = Release|Any CPU
		{557B2C3D-88E9-4F42-A30A-362FBB435414}.Release|x86.Build.0 = Release|Any CPU
		{C60FD077-AA05-4394-B3D0-FC0F1294FD12}.Debug|Any CPU.ActiveCfg = Debug|Any CPU
		{C60FD077-AA05-4394-B3D0-FC0F1294FD12}.Debug|Any CPU.Build.0 = Debug|Any CPU
		{C60FD077-AA05-4394-B3D0-FC0F1294FD12}.Debug|x64.ActiveCfg = Debug|Any CPU
		{C60FD077-AA05-4394-B3D0-FC0F1294FD12}.Debug|x64.Build.0 = Debug|Any CPU
		{C60FD077-AA05-4394-B3D0-FC0F1294FD12}.Debug|x86.ActiveCfg = Debug|Any CPU
		{C60FD077-AA05-4394-B3D0-FC0F1294FD12}.Debug|x86.Build.0 = Debug|Any CPU
		{C60FD077-AA05-4394-B3D0-FC0F1294FD12}.Release|Any CPU.ActiveCfg = Release|Any CPU
		{C60FD077-AA05-4394-B3D0-FC0F1294FD12}.Release|Any CPU.Build.0 = Release|Any CPU
		{C60FD077-AA05-4394-B3D0-FC0F1294FD12}.Release|x64.ActiveCfg = Release|Any CPU
		{C60FD077-AA05-4394-B3D0-FC0F1294FD12}.Release|x64.Build.0 = Release|Any CPU
		{C60FD077-AA05-4394-B3D0-FC0F1294FD12}.Release|x86.ActiveCfg = Release|Any CPU
		{C60FD077-AA05-4394-B3D0-FC0F1294FD12}.Release|x86.Build.0 = Release|Any CPU
		{036C8427-F176-4D5F-A31A-E10B837D8C4A}.Debug|Any CPU.ActiveCfg = Debug|Any CPU
		{036C8427-F176-4D5F-A31A-E10B837D8C4A}.Debug|Any CPU.Build.0 = Debug|Any CPU
		{036C8427-F176-4D5F-A31A-E10B837D8C4A}.Debug|x64.ActiveCfg = Debug|Any CPU
		{036C8427-F176-4D5F-A31A-E10B837D8C4A}.Debug|x64.Build.0 = Debug|Any CPU
		{036C8427-F176-4D5F-A31A-E10B837D8C4A}.Debug|x86.ActiveCfg = Debug|Any CPU
		{036C8427-F176-4D5F-A31A-E10B837D8C4A}.Debug|x86.Build.0 = Debug|Any CPU
		{036C8427-F176-4D5F-A31A-E10B837D8C4A}.Release|Any CPU.ActiveCfg = Release|Any CPU
		{036C8427-F176-4D5F-A31A-E10B837D8C4A}.Release|Any CPU.Build.0 = Release|Any CPU
		{036C8427-F176-4D5F-A31A-E10B837D8C4A}.Release|x64.ActiveCfg = Release|Any CPU
		{036C8427-F176-4D5F-A31A-E10B837D8C4A}.Release|x64.Build.0 = Release|Any CPU
		{036C8427-F176-4D5F-A31A-E10B837D8C4A}.Release|x86.ActiveCfg = Release|Any CPU
		{036C8427-F176-4D5F-A31A-E10B837D8C4A}.Release|x86.Build.0 = Release|Any CPU
		{8DB10B02-52C0-4670-B30C-0DC7CAEEB0B1}.Debug|Any CPU.ActiveCfg = Debug|Any CPU
		{8DB10B02-52C0-4670-B30C-0DC7CAEEB0B1}.Debug|Any CPU.Build.0 = Debug|Any CPU
		{8DB10B02-52C0-4670-B30C-0DC7CAEEB0B1}.Debug|x64.ActiveCfg = Debug|Any CPU
		{8DB10B02-52C0-4670-B30C-0DC7CAEEB0B1}.Debug|x64.Build.0 = Debug|Any CPU
		{8DB10B02-52C0-4670-B30C-0DC7CAEEB0B1}.Debug|x86.ActiveCfg = Debug|Any CPU
		{8DB10B02-52C0-4670-B30C-0DC7CAEEB0B1}.Debug|x86.Build.0 = Debug|Any CPU
		{8DB10B02-52C0-4670-B30C-0DC7CAEEB0B1}.Release|Any CPU.ActiveCfg = Release|Any CPU
		{8DB10B02-52C0-4670-B30C-0DC7CAEEB0B1}.Release|Any CPU.Build.0 = Release|Any CPU
		{8DB10B02-52C0-4670-B30C-0DC7CAEEB0B1}.Release|x64.ActiveCfg = Release|Any CPU
		{8DB10B02-52C0-4670-B30C-0DC7CAEEB0B1}.Release|x64.Build.0 = Release|Any CPU
		{8DB10B02-52C0-4670-B30C-0DC7CAEEB0B1}.Release|x86.ActiveCfg = Release|Any CPU
		{8DB10B02-52C0-4670-B30C-0DC7CAEEB0B1}.Release|x86.Build.0 = Release|Any CPU
	EndGlobalSection
	GlobalSection(SolutionProperties) = preSolution
		HideSolutionNode = FALSE
	EndGlobalSection
	GlobalSection(NestedProjects) = preSolution
		{557B2C3D-88E9-4F42-A30A-362FBB435414} = {827E0CD3-B72D-47B6-A68D-7590B98EB39B}
		{C60FD077-AA05-4394-B3D0-FC0F1294FD12} = {827E0CD3-B72D-47B6-A68D-7590B98EB39B}
		{036C8427-F176-4D5F-A31A-E10B837D8C4A} = {827E0CD3-B72D-47B6-A68D-7590B98EB39B}
		{8DB10B02-52C0-4670-B30C-0DC7CAEEB0B1} = {0AB3BF05-4346-4AA6-1389-037BE0695223}
	EndGlobalSection
EndGlobal
